
Microsoft Visual Studio Solution File, Format Version 12.00
# Visual Studio Version 17
VisualStudioVersion = 17.4.33110.190
MinimumVisualStudioVersion = 10.0.40219.1
Project("{FAE04EC0-301F-11D3-BF4B-00C04F79EFBC}") = "RebrainRedis05.Console", "RebrainRedis05.Console\RebrainRedis05.Console.csproj", "{91C2F092-C158-4447-9387-1222AB459B69}"
EndProject
Project("{2150E333-8FDC-42A3-9474-1A3956D46DE8}") = "Элементы решения", "Элементы решения", "{1E12D9E4-457F-42A7-8DE5-11F4CA15AD27}"
	ProjectSection(SolutionItems) = preProject
		setup.sh = setup.sh
	EndProjectSection
EndProject
Global
	GlobalSection(SolutionConfigurationPlatforms) = preSolution
		Debug|Any CPU = Debug|Any CPU
		Release|Any CPU = Release|Any CPU
	EndGlobalSection
	GlobalSection(ProjectConfigurationPlatforms) = postSolution
		{91C2F092-C158-4447-9387-1222AB459B69}.Debug|Any CPU.ActiveCfg = Debug|Any CPU
		{91C2F092-C158-4447-9387-1222AB459B69}.Debug|Any CPU.Build.0 = Debug|Any CPU
		{91C2F092-C158-4447-9387-1222AB459B69}.Release|Any CPU.ActiveCfg = Release|Any CPU
		{91C2F092-C158-4447-9387-1222AB459B69}.Release|Any CPU.Build.0 = Release|Any CPU
	EndGlobalSection
	GlobalSection(SolutionProperties) = preSolution
		HideSolutionNode = FALSE
	EndGlobalSection
	GlobalSection(ExtensibilityGlobals) = postSolution
		SolutionGuid = {087CEF93-BDB3-44D2-8F19-088011375132}
	EndGlobalSection
EndGlobal
